
Microsoft Visual Studio Solution File, Format Version 12.00
# Visual Studio Version 16
VisualStudioVersion = 16.0.28922.388
MinimumVisualStudioVersion = 10.0.40219.1
Project("{9A19103F-16F7-4668-BE54-9A1E7A4F7556}") = "ActualTenderKeeper.Service", "ActualTenderKeeper.Service\ActualTenderKeeper.Service.csproj", "{0FBE77C7-9677-45A9-9751-0AEBA57C080E}"
EndProject
Project("{FAE04EC0-301F-11D3-BF4B-00C04F79EFBC}") = "ActualTenderKeeper.Infrastructure", "ActualTenderKeeper.Infrastrusture\ActualTenderKeeper.Infrastructure.csproj", "{ABACC00B-A9CD-473B-A03E-BF3B6EB0A367}"
EndProject
Project("{FAE04EC0-301F-11D3-BF4B-00C04F79EFBC}") = "ActualTenderKeeper.Abstract", "ActualTenderKeeper.Abstract\ActualTenderKeeper.Abstract.csproj", "{1C3C3794-E805-4974-89C7-2D22CB7C852D}"
EndProject
Project("{FAE04EC0-301F-11D3-BF4B-00C04F79EFBC}") = "ActualTenderKeeper.Core", "ActualTenderKeeper.Core\ActualTenderKeeper.Core.csproj", "{26F75838-5243-430F-8FFB-CB385C2F1F73}"
EndProject
Global
	GlobalSection(SolutionConfigurationPlatforms) = preSolution
		Debug|Any CPU = Debug|Any CPU
		Release|Any CPU = Release|Any CPU
	EndGlobalSection
	GlobalSection(ProjectConfigurationPlatforms) = postSolution
		{0FBE77C7-9677-45A9-9751-0AEBA57C080E}.Debug|Any CPU.ActiveCfg = Debug|Any CPU
		{0FBE77C7-9677-45A9-9751-0AEBA57C080E}.Debug|Any CPU.Build.0 = Debug|Any CPU
		{0FBE77C7-9677-45A9-9751-0AEBA57C080E}.Release|Any CPU.ActiveCfg = Release|Any CPU
		{0FBE77C7-9677-45A9-9751-0AEBA57C080E}.Release|Any CPU.Build.0 = Release|Any CPU
		{ABACC00B-A9CD-473B-A03E-BF3B6EB0A367}.Debug|Any CPU.ActiveCfg = Debug|Any CPU
		{ABACC00B-A9CD-473B-A03E-BF3B6EB0A367}.Debug|Any CPU.Build.0 = Debug|Any CPU
		{ABACC00B-A9CD-473B-A03E-BF3B6EB0A367}.Release|Any CPU.ActiveCfg = Release|Any CPU
		{ABACC00B-A9CD-473B-A03E-BF3B6EB0A367}.Release|Any CPU.Build.0 = Release|Any CPU
		{1C3C3794-E805-4974-89C7-2D22CB7C852D}.Debug|Any CPU.ActiveCfg = Debug|Any CPU
		{1C3C3794-E805-4974-89C7-2D22CB7C852D}.Debug|Any CPU.Build.0 = Debug|Any CPU
		{1C3C3794-E805-4974-89C7-2D22CB7C852D}.Release|Any CPU.ActiveCfg = Release|Any CPU
		{1C3C3794-E805-4974-89C7-2D22CB7C852D}.Release|Any CPU.Build.0 = Release|Any CPU
		{26F75838-5243-430F-8FFB-CB385C2F1F73}.Debug|Any CPU.ActiveCfg = Debug|Any CPU
		{26F75838-5243-430F-8FFB-CB385C2F1F73}.Debug|Any CPU.Build.0 = Debug|Any CPU
		{26F75838-5243-430F-8FFB-CB385C2F1F73}.Release|Any CPU.ActiveCfg = Release|Any CPU
		{26F75838-5243-430F-8FFB-CB385C2F1F73}.Release|Any CPU.Build.0 = Release|Any CPU
	EndGlobalSection
	GlobalSection(SolutionProperties) = preSolution
		HideSolutionNode = FALSE
	EndGlobalSection
	GlobalSection(ExtensibilityGlobals) = postSolution
		SolutionGuid = {79EEFDF3-3F6B-43A2-8105-9C9D22FDF45F}
	EndGlobalSection
EndGlobal
